
Microsoft Visual Studio Solution File, Format Version 12.00
Project("{FAE04EC0-301F-11D3-BF4B-00C04F79EFBC}") = "WebAPI", "WebAPI\WebAPI.csproj", "{57698D7D-9A71-4706-9BE7-B80CC1A012FD}"
EndProject
Project("{FAE04EC0-301F-11D3-BF4B-00C04F79EFBC}") = "Blazor", "Blazor\Blazor.csproj", "{AFE3892D-DADA-4914-9F4F-7E1B76733903}"
EndProject
Project("{2150E333-8FDC-42A3-9474-1A3956D46DE8}") = "Server", "Server", "{4A0D0E57-F188-40C5-92A6-F8B6200BAC78}"
EndProject
Project("{2150E333-8FDC-42A3-9474-1A3956D46DE8}") = "WebClient", "WebClient", "{A412795B-E511-4CEC-B1E1-16673FB1CC21}"
EndProject
Project("{FAE04EC0-301F-11D3-BF4B-00C04F79EFBC}") = "HttpClients", "HttpClients\HttpClients.csproj", "{3717B57D-1D64-48B7-BB10-FE8032434BEA}"
EndProject
Project("{FAE04EC0-301F-11D3-BF4B-00C04F79EFBC}") = "Domain", "Domain\Domain.csproj", "{19B21101-9E8C-4432-9036-2BA135F45B5F}"
EndProject
Project("{FAE04EC0-301F-11D3-BF4B-00C04F79EFBC}") = "Logic", "Logic\Logic.csproj", "{35AC71C8-8BAC-4132-8A0D-84832C9BF58D}"
EndProject
Project("{FAE04EC0-301F-11D3-BF4B-00C04F79EFBC}") = "GrpcClient", "GrpcClient\GrpcClient.csproj", "{2E5010D5-20FF-4636-8F19-AA5F04B2B592}"
EndProject
Global
	GlobalSection(SolutionConfigurationPlatforms) = preSolution
		Debug|Any CPU = Debug|Any CPU
		Release|Any CPU = Release|Any CPU
	EndGlobalSection
	GlobalSection(ProjectConfigurationPlatforms) = postSolution
		{57698D7D-9A71-4706-9BE7-B80CC1A012FD}.Debug|Any CPU.ActiveCfg = Debug|Any CPU
		{57698D7D-9A71-4706-9BE7-B80CC1A012FD}.Debug|Any CPU.Build.0 = Debug|Any CPU
		{57698D7D-9A71-4706-9BE7-B80CC1A012FD}.Release|Any CPU.ActiveCfg = Release|Any CPU
		{57698D7D-9A71-4706-9BE7-B80CC1A012FD}.Release|Any CPU.Build.0 = Release|Any CPU
		{AFE3892D-DADA-4914-9F4F-7E1B76733903}.Debug|Any CPU.ActiveCfg = Debug|Any CPU
		{AFE3892D-DADA-4914-9F4F-7E1B76733903}.Debug|Any CPU.Build.0 = Debug|Any CPU
		{AFE3892D-DADA-4914-9F4F-7E1B76733903}.Release|Any CPU.ActiveCfg = Release|Any CPU
		{AFE3892D-DADA-4914-9F4F-7E1B76733903}.Release|Any CPU.Build.0 = Release|Any CPU
		{3717B57D-1D64-48B7-BB10-FE8032434BEA}.Debug|Any CPU.ActiveCfg = Debug|Any CPU
		{3717B57D-1D64-48B7-BB10-FE8032434BEA}.Debug|Any CPU.Build.0 = Debug|Any CPU
		{3717B57D-1D64-48B7-BB10-FE8032434BEA}.Release|Any CPU.ActiveCfg = Release|Any CPU
		{3717B57D-1D64-48B7-BB10-FE8032434BEA}.Release|Any CPU.Build.0 = Release|Any CPU
		{19B21101-9E8C-4432-9036-2BA135F45B5F}.Debug|Any CPU.ActiveCfg = Debug|Any CPU
		{19B21101-9E8C-4432-9036-2BA135F45B5F}.Debug|Any CPU.Build.0 = Debug|Any CPU
		{19B21101-9E8C-4432-9036-2BA135F45B5F}.Release|Any CPU.ActiveCfg = Release|Any CPU
		{19B21101-9E8C-4432-9036-2BA135F45B5F}.Release|Any CPU.Build.0 = Release|Any CPU
		{35AC71C8-8BAC-4132-8A0D-84832C9BF58D}.Debug|Any CPU.ActiveCfg = Debug|Any CPU
		{35AC71C8-8BAC-4132-8A0D-84832C9BF58D}.Debug|Any CPU.Build.0 = Debug|Any CPU
		{35AC71C8-8BAC-4132-8A0D-84832C9BF58D}.Release|Any CPU.ActiveCfg = Release|Any CPU
		{35AC71C8-8BAC-4132-8A0D-84832C9BF58D}.Release|Any CPU.Build.0 = Release|Any CPU
		{2E5010D5-20FF-4636-8F19-AA5F04B2B592}.Debug|Any CPU.ActiveCfg = Debug|Any CPU
		{2E5010D5-20FF-4636-8F19-AA5F04B2B592}.Debug|Any CPU.Build.0 = Debug|Any CPU
		{2E5010D5-20FF-4636-8F19-AA5F04B2B592}.Release|Any CPU.ActiveCfg = Release|Any CPU
		{2E5010D5-20FF-4636-8F19-AA5F04B2B592}.Release|Any CPU.Build.0 = Release|Any CPU
	EndGlobalSection
	GlobalSection(NestedProjects) = preSolution
		{57698D7D-9A71-4706-9BE7-B80CC1A012FD} = {4A0D0E57-F188-40C5-92A6-F8B6200BAC78}
		{AFE3892D-DADA-4914-9F4F-7E1B76733903} = {A412795B-E511-4CEC-B1E1-16673FB1CC21}
		{3717B57D-1D64-48B7-BB10-FE8032434BEA} = {A412795B-E511-4CEC-B1E1-16673FB1CC21}
		{35AC71C8-8BAC-4132-8A0D-84832C9BF58D} = {4A0D0E57-F188-40C5-92A6-F8B6200BAC78}
		{2E5010D5-20FF-4636-8F19-AA5F04B2B592} = {4A0D0E57-F188-40C5-92A6-F8B6200BAC78}
	EndGlobalSection
EndGlobal
